// !$*UTF8*$!
{
	archiveVersion = 1;
	classes = {
	};
	objectVersion = 46;
	objects = {

/* Begin PBXBuildFile section */
		3AA3F9DD194D0ECA003EA3E2 /* main.m in Sources */ = {isa = PBXBuildFile; fileRef = 3AA3F9DC194D0ECA003EA3E2 /* main.m */; };
		3AA3F9E0194D0ECA003EA3E2 /* AppDelegate.m in Sources */ = {isa = PBXBuildFile; fileRef = 3AA3F9DF194D0ECA003EA3E2 /* AppDelegate.m */; };
		3AA3F9E3194D0ECA003EA3E2 /* ViewController.m in Sources */ = {isa = PBXBuildFile; fileRef = 3AA3F9E2194D0ECA003EA3E2 /* ViewController.m */; };
		3AA3F9E6194D0ECA003EA3E2 /* Main.storyboard in Resources */ = {isa = PBXBuildFile; fileRef = 3AA3F9E4194D0ECA003EA3E2 /* Main.storyboard */; };
		3AA3F9E8194D0ECA003EA3E2 /* Images.xcassets in Resources */ = {isa = PBXBuildFile; fileRef = 3AA3F9E7194D0ECA003EA3E2 /* Images.xcassets */; };
		3AA3F9F4194D0ECB003EA3E2 /* AttributedStringsTests.m in Sources */ = {isa = PBXBuildFile; fileRef = 3AA3F9F3194D0ECB003EA3E2 /* AttributedStringsTests.m */; };
/* End PBXBuildFile section */

/* Begin PBXContainerItemProxy section */
		3AA3F9EE194D0ECB003EA3E2 /* PBXContainerItemProxy */ = {
			isa = PBXContainerItemProxy;
			containerPortal = 3AA3F9CF194D0ECA003EA3E2 /* Project object */;
			proxyType = 1;
			remoteGlobalIDString = 3AA3F9D6194D0ECA003EA3E2;
			remoteInfo = AttributedStrings;
		};
/* End PBXContainerItemProxy section */

/* Begin PBXFileReference section */
		3AA3F9D7194D0ECA003EA3E2 /* AttributedStrings.app */ = {isa = PBXFileReference; explicitFileType = wrapper.application; includeInIndex = 0; path = AttributedStrings.app; sourceTree = BUILT_PRODUCTS_DIR; };
		3AA3F9DB194D0ECA003EA3E2 /* Info.plist */ = {isa = PBXFileReference; lastKnownFileType = text.plist.xml; path = Info.plist; sourceTree = "<group>"; };
		3AA3F9DC194D0ECA003EA3E2 /* main.m */ = {isa = PBXFileReference; lastKnownFileType = sourcecode.c.objc; path = main.m; sourceTree = "<group>"; };
		3AA3F9DE194D0ECA003EA3E2 /* AppDelegate.h */ = {isa = PBXFileReference; lastKnownFileType = sourcecode.c.h; path = AppDelegate.h; sourceTree = "<group>"; };
		3AA3F9DF194D0ECA003EA3E2 /* AppDelegate.m */ = {isa = PBXFileReference; lastKnownFileType = sourcecode.c.objc; path = AppDelegate.m; sourceTree = "<group>"; };
		3AA3F9E1194D0ECA003EA3E2 /* ViewController.h */ = {isa = PBXFileReference; lastKnownFileType = sourcecode.c.h; path = ViewController.h; sourceTree = "<group>"; };
		3AA3F9E2194D0ECA003EA3E2 /* ViewController.m */ = {isa = PBXFileReference; lastKnownFileType = sourcecode.c.objc; path = ViewController.m; sourceTree = "<group>"; };
		3AA3F9E5194D0ECA003EA3E2 /* Base */ = {isa = PBXFileReference; lastKnownFileType = file.storyboard; name = Base; path = Base.lproj/Main.storyboard; sourceTree = "<group>"; };
		3AA3F9E7194D0ECA003EA3E2 /* Images.xcassets */ = {isa = PBXFileReference; lastKnownFileType = folder.assetcatalog; path = Images.xcassets; sourceTree = "<group>"; };
		3AA3F9ED194D0ECB003EA3E2 /* AttributedStringsTests.xctest */ = {isa = PBXFileReference; explicitFileType = wrapper.cfbundle; includeInIndex = 0; path = AttributedStringsTests.xctest; sourceTree = BUILT_PRODUCTS_DIR; };
		3AA3F9F2194D0ECB003EA3E2 /* Info.plist */ = {isa = PBXFileReference; lastKnownFileType = text.plist.xml; path = Info.plist; sourceTree = "<group>"; };
		3AA3F9F3194D0ECB003EA3E2 /* AttributedStringsTests.m */ = {isa = PBXFileReference; lastKnownFileType = sourcecode.c.objc; path = AttributedStringsTests.m; sourceTree = "<group>"; };
/* End PBXFileReference section */

/* Begin PBXFrameworksBuildPhase section */
		3AA3F9D4194D0ECA003EA3E2 /* Frameworks */ = {
			isa = PBXFrameworksBuildPhase;
			buildActionMask = 2147483647;
			files = (
			);
			runOnlyForDeploymentPostprocessing = 0;
		};
		3AA3F9EA194D0ECB003EA3E2 /* Frameworks */ = {
			isa = PBXFrameworksBuildPhase;
			buildActionMask = 2147483647;
			files = (
			);
			runOnlyForDeploymentPostprocessing = 0;
		};
/* End PBXFrameworksBuildPhase section */

/* Begin PBXGroup section */
		3AA3F9CE194D0ECA003EA3E2 = {
			isa = PBXGroup;
			children = (
				3AA3F9D9194D0ECA003EA3E2 /* AttributedStrings */,
				3AA3F9F0194D0ECB003EA3E2 /* AttributedStringsTests */,
				3AA3F9D8194D0ECA003EA3E2 /* Products */,
			);
			sourceTree = "<group>";
		};
		3AA3F9D8194D0ECA003EA3E2 /* Products */ = {
			isa = PBXGroup;
			children = (
				3AA3F9D7194D0ECA003EA3E2 /* AttributedStrings.app */,
				3AA3F9ED194D0ECB003EA3E2 /* AttributedStringsTests.xctest */,
			);
			name = Products;
			sourceTree = "<group>";
		};
		3AA3F9D9194D0ECA003EA3E2 /* AttributedStrings */ = {
			isa = PBXGroup;
			children = (
				3AA3F9DE194D0ECA003EA3E2 /* AppDelegate.h */,
				3AA3F9DF194D0ECA003EA3E2 /* AppDelegate.m */,
				3AA3F9E1194D0ECA003EA3E2 /* ViewController.h */,
				3AA3F9E2194D0ECA003EA3E2 /* ViewController.m */,
				3AA3F9E4194D0ECA003EA3E2 /* Main.storyboard */,
				3AA3F9E7194D0ECA003EA3E2 /* Images.xcassets */,
				3AA3F9DA194D0ECA003EA3E2 /* Supporting Files */,
			);
			path = AttributedStrings;
			sourceTree = "<group>";
		};
		3AA3F9DA194D0ECA003EA3E2 /* Supporting Files */ = {
			isa = PBXGroup;
			children = (
				3AA3F9DB194D0ECA003EA3E2 /* Info.plist */,
				3AA3F9DC194D0ECA003EA3E2 /* main.m */,
			);
			name = "Supporting Files";
			sourceTree = "<group>";
		};
		3AA3F9F0194D0ECB003EA3E2 /* AttributedStringsTests */ = {
			isa = PBXGroup;
			children = (
				3AA3F9F3194D0ECB003EA3E2 /* AttributedStringsTests.m */,
				3AA3F9F1194D0ECB003EA3E2 /* Supporting Files */,
			);
			path = AttributedStringsTests;
			sourceTree = "<group>";
		};
		3AA3F9F1194D0ECB003EA3E2 /* Supporting Files */ = {
			isa = PBXGroup;
			children = (
				3AA3F9F2194D0ECB003EA3E2 /* Info.plist */,
			);
			name = "Supporting Files";
			sourceTree = "<group>";
		};
/* End PBXGroup section */

/* Begin PBXNativeTarget section */
		3AA3F9D6194D0ECA003EA3E2 /* AttributedStrings */ = {
			isa = PBXNativeTarget;
			buildConfigurationList = 3AA3F9F7194D0ECB003EA3E2 /* Build configuration list for PBXNativeTarget "AttributedStrings" */;
			buildPhases = (
				3AA3F9D3194D0ECA003EA3E2 /* Sources */,
				3AA3F9D4194D0ECA003EA3E2 /* Frameworks */,
				3AA3F9D5194D0ECA003EA3E2 /* Resources */,
			);
			buildRules = (
			);
			dependencies = (
			);
			name = AttributedStrings;
			productName = AttributedStrings;
			productReference = 3AA3F9D7194D0ECA003EA3E2 /* AttributedStrings.app */;
			productType = "com.apple.product-type.application";
		};
		3AA3F9EC194D0ECB003EA3E2 /* AttributedStringsTests */ = {
			isa = PBXNativeTarget;
			buildConfigurationList = 3AA3F9FA194D0ECB003EA3E2 /* Build configuration list for PBXNativeTarget "AttributedStringsTests" */;
			buildPhases = (
				3AA3F9E9194D0ECB003EA3E2 /* Sources */,
				3AA3F9EA194D0ECB003EA3E2 /* Frameworks */,
				3AA3F9EB194D0ECB003EA3E2 /* Resources */,
			);
			buildRules = (
			);
			dependencies = (
				3AA3F9EF194D0ECB003EA3E2 /* PBXTargetDependency */,
			);
			name = AttributedStringsTests;
			productName = AttributedStringsTests;
			productReference = 3AA3F9ED194D0ECB003EA3E2 /* AttributedStringsTests.xctest */;
			productType = "com.apple.product-type.bundle.unit-test";
		};
/* End PBXNativeTarget section */

/* Begin PBXProject section */
		3AA3F9CF194D0ECA003EA3E2 /* Project object */ = {
			isa = PBXProject;
			attributes = {
				LastUpgradeCheck = 0600;
				ORGANIZATIONNAME = "Anton Hilario Rivera";
				TargetAttributes = {
					3AA3F9D6194D0ECA003EA3E2 = {
						CreatedOnToolsVersion = 6.0;
					};
					3AA3F9EC194D0ECB003EA3E2 = {
						CreatedOnToolsVersion = 6.0;
						TestTargetID = 3AA3F9D6194D0ECA003EA3E2;
					};
				};
			};
			buildConfigurationList = 3AA3F9D2194D0ECA003EA3E2 /* Build configuration list for PBXProject "AttributedStrings" */;
			compatibilityVersion = "Xcode 3.2";
			developmentRegion = English;
			hasScannedForEncodings = 0;
			knownRegions = (
				en,
				Base,
			);
			mainGroup = 3AA3F9CE194D0ECA003EA3E2;
			productRefGroup = 3AA3F9D8194D0ECA003EA3E2 /* Products */;
			projectDirPath = "";
			projectRoot = "";
			targets = (
				3AA3F9D6194D0ECA003EA3E2 /* AttributedStrings */,
				3AA3F9EC194D0ECB003EA3E2 /* AttributedStringsTests */,
			);
		};
/* End PBXProject section */

/* Begin PBXResourcesBuildPhase section */
		3AA3F9D5194D0ECA003EA3E2 /* Resources */ = {
			isa = PBXResourcesBuildPhase;
			buildActionMask = 2147483647;
			files = (
				3AA3F9E6194D0ECA003EA3E2 /* Main.storyboard in Resources */,
				3AA3F9E8194D0ECA003EA3E2 /* Images.xcassets in Resources */,
			);
			runOnlyForDeploymentPostprocessing = 0;
		};
		3AA3F9EB194D0ECB003EA3E2 /* Resources */ = {
			isa = PBXResourcesBuildPhase;
			buildActionMask = 2147483647;
			files = (
			);
			runOnlyForDeploymentPostprocessing = 0;
		};
/* End PBXResourcesBuildPhase section */

/* Begin PBXSourcesBuildPhase section */
		3AA3F9D3194D0ECA003EA3E2 /* Sources */ = {
			isa = PBXSourcesBuildPhase;
			buildActionMask = 2147483647;
			files = (
				3AA3F9E3194D0ECA003EA3E2 /* ViewController.m in Sources */,
				3AA3F9E0194D0ECA003EA3E2 /* AppDelegate.m in Sources */,
				3AA3F9DD194D0ECA003EA3E2 /* main.m in Sources */,
			);
			runOnlyForDeploymentPostprocessing = 0;
		};
		3AA3F9E9194D0ECB003EA3E2 /* Sources */ = {
			isa = PBXSourcesBuildPhase;
			buildActionMask = 2147483647;
			files = (
				3AA3F9F4194D0ECB003EA3E2 /* AttributedStringsTests.m in Sources */,
			);
			runOnlyForDeploymentPostprocessing = 0;
		};
/* End PBXSourcesBuildPhase section */

/* Begin PBXTargetDependency section */
		3AA3F9EF194D0ECB003EA3E2 /* PBXTargetDependency */ = {
			isa = PBXTargetDependency;
			target = 3AA3F9D6194D0ECA003EA3E2 /* AttributedStrings */;
			targetProxy = 3AA3F9EE194D0ECB003EA3E2 /* PBXContainerItemProxy */;
		};
/* End PBXTargetDependency section */

/* Begin PBXVariantGroup section */
		3AA3F9E4194D0ECA003EA3E2 /* Main.storyboard */ = {
			isa = PBXVariantGroup;
			children = (
				3AA3F9E5194D0ECA003EA3E2 /* Base */,
			);
			name = Main.storyboard;
			sourceTree = "<group>";
		};
/* End PBXVariantGroup section */

/* Begin XCBuildConfiguration section */
		3AA3F9F5194D0ECB003EA3E2 /* Debug */ = {
			isa = XCBuildConfiguration;
			buildSettings = {
				ALWAYS_SEARCH_USER_PATHS = NO;
				CLANG_CXX_LANGUAGE_STANDARD = "gnu++0x";
				CLANG_CXX_LIBRARY = "libc++";
				CLANG_ENABLE_MODULES = YES;
				CLANG_ENABLE_OBJC_ARC = YES;
				CLANG_WARN_BOOL_CONVERSION = YES;
				CLANG_WARN_CONSTANT_CONVERSION = YES;
				CLANG_WARN_DIRECT_OBJC_ISA_USAGE = YES_ERROR;
				CLANG_WARN_EMPTY_BODY = YES;
				CLANG_WARN_ENUM_CONVERSION = YES;
				CLANG_WARN_INT_CONVERSION = YES;
				CLANG_WARN_OBJC_ROOT_CLASS = YES_ERROR;
				CLANG_WARN_UNREACHABLE_CODE = YES;
				CLANG_WARN__DUPLICATE_METHOD_MATCH = YES;
				"CODE_SIGN_IDENTITY[sdk=iphoneos*]" = "iPhone Developer";
				COPY_PHASE_STRIP = NO;
				ENABLE_STRICT_OBJC_MSGSEND = YES;
				GCC_C_LANGUAGE_STANDARD = gnu99;
				GCC_DYNAMIC_NO_PIC = NO;
				GCC_OPTIMIZATION_LEVEL = 0;
				GCC_PREPROCESSOR_DEFINITIONS = (
					"DEBUG=1",
					"$(inherited)",
				);
				GCC_SYMBOLS_PRIVATE_EXTERN = NO;
				GCC_WARN_64_TO_32_BIT_CONVERSION = YES;
				GCC_WARN_ABOUT_RETURN_TYPE = YES_ERROR;
				GCC_WARN_UNDECLARED_SELECTOR = YES;
				GCC_WARN_UNINITIALIZED_AUTOS = YES_AGGRESSIVE;
				GCC_WARN_UNUSED_FUNCTION = YES;
				GCC_WARN_UNUSED_VARIABLE = YES;
				IPHONEOS_DEPLOYMENT_TARGET = 8.0;
				METAL_ENABLE_DEBUG_INFO = YES;
				ONLY_ACTIVE_ARCH = YES;
				SDKROOT = iphoneos;
			};
			name = Debug;
		};
		3AA3F9F6194D0ECB003EA3E2 /* Release */ = {
			isa = XCBuildConfiguration;
			buildSettings = {
				ALWAYS_SEARCH_USER_PATHS = NO;
				CLANG_CXX_LANGUAGE_STANDARD = "gnu++0x";
				CLANG_CXX_LIBRARY = "libc++";
				CLANG_ENABLE_MODULES = YES;
				CLANG_ENABLE_OBJC_ARC = YES;
				CLANG_WARN_BOOL_CONVERSION = YES;
				CLANG_WARN_CONSTANT_CONVERSION = YES;
				CLANG_WARN_DIRECT_OBJC_ISA_USAGE = YES_ERROR;
				CLANG_WARN_EMPTY_BODY = YES;
				CLANG_WARN_ENUM_CONVERSION = YES;
				CLANG_WARN_INT_CONVERSION = YES;
				CLANG_WARN_OBJC_ROOT_CLASS = YES_ERROR;
				CLANG_WARN_UNREACHABLE_CODE = YES;
				CLANG_WARN__DUPLICATE_METHOD_MATCH = YES;
				"CODE_SIGN_IDENTITY[sdk=iphoneos*]" = "iPhone Developer";
				COPY_PHASE_STRIP = YES;
				ENABLE_NS_ASSERTIONS = NO;
				ENABLE_STRICT_OBJC_MSGSEND = YES;
				GCC_C_LANGUAGE_STANDARD = gnu99;
				GCC_WARN_64_TO_32_BIT_CONVERSION = YES;
				GCC_WARN_ABOUT_RETURN_TYPE = YES_ERROR;
				GCC_WARN_UNDECLARED_SELECTOR = YES;
				GCC_WARN_UNINITIALIZED_AUTOS = YES_AGGRESSIVE;
				GCC_WARN_UNUSED_FUNCTION = YES;
				GCC_WARN_UNUSED_VARIABLE = YES;
				IPHONEOS_DEPLOYMENT_TARGET = 8.0;
				METAL_ENABLE_DEBUG_INFO = NO;
				SDKROOT = iphoneos;
				VALIDATE_PRODUCT = YES;
			};
			name = Release;
		};
		3AA3F9F8194D0ECB003EA3E2 /* Debug */ = {
			isa = XCBuildConfiguration;
			buildSettings = {
				ASSETCATALOG_COMPILER_APPICON_NAME = AppIcon;
				ASSETCATALOG_COMPILER_LAUNCHIMAGE_NAME = LaunchImage;
				INFOPLIST_FILE = AttributedStrings/Info.plist;
				LD_RUNPATH_SEARCH_PATHS = "$(inherited) @executable_path/Frameworks";
				PRODUCT_NAME = "$(TARGET_NAME)";
			};
			name = Debug;
		};
		3AA3F9F9194D0ECB003EA3E2 /* Release */ = {
			isa = XCBuildConfiguration;
			buildSettings = {
				ASSETCATALOG_COMPILER_APPICON_NAME = AppIcon;
				ASSETCATALOG_COMPILER_LAUNCHIMAGE_NAME = LaunchImage;
				INFOPLIST_FILE = AttributedStrings/Info.plist;
				LD_RUNPATH_SEARCH_PATHS = "$(inherited) @executable_path/Frameworks";
				PRODUCT_NAME = "$(TARGET_NAME)";
			};
			name = Release;
		};
		3AA3F9FB194D0ECB003EA3E2 /* Debug */ = {
			isa = XCBuildConfiguration;
			buildSettings = {
				BUNDLE_LOADER = "$(BUILT_PRODUCTS_DIR)/AttributedStrings.app/AttributedStrings";
				FRAMEWORK_SEARCH_PATHS = (
					"$(SDKROOT)/Developer/Library/Frameworks",
					"$(inherited)",
				);
				GCC_PREPROCESSOR_DEFINITIONS = (
					"DEBUG=1",
					"$(inherited)",
				);
				INFOPLIST_FILE = AttributedStringsTests/Info.plist;
				LD_RUNPATH_SEARCH_PATHS = "$(inherited) @executable_path/Frameworks @loader_path/Frameworks";
				METAL_ENABLE_DEBUG_INFO = YES;
				PRODUCT_NAME = "$(TARGET_NAME)";
				TEST_HOST = "$(BUNDLE_LOADER)";
			};
			name = Debug;
		};
		3AA3F9FC194D0ECB003EA3E2 /* Release */ = {
			isa = XCBuildConfiguration;
			buildSettings = {
				BUNDLE_LOADER = "$(BUILT_PRODUCTS_DIR)/AttributedStrings.app/AttributedStrings";
				FRAMEWORK_SEARCH_PATHS = (
					"$(SDKROOT)/Developer/Library/Frameworks",
					"$(inherited)",
				);
				INFOPLIST_FILE = AttributedStringsTests/Info.plist;
				LD_RUNPATH_SEARCH_PATHS = "$(inherited) @executable_path/Frameworks @loader_path/Frameworks";
				METAL_ENABLE_DEBUG_INFO = NO;
				PRODUCT_NAME = "$(TARGET_NAME)";
				TEST_HOST = "$(BUNDLE_LOADER)";
			};
			name = Release;
		};
/* End XCBuildConfiguration section */

/* Begin XCConfigurationList section */
		3AA3F9D2194D0ECA003EA3E2 /* Build configuration list for PBXProject "AttributedStrings" */ = {
			isa = XCConfigurationList;
			buildConfigurations = (
				3AA3F9F5194D0ECB003EA3E2 /* Debug */,
				3AA3F9F6194D0ECB003EA3E2 /* Release */,
			);
			defaultConfigurationIsVisible = 0;
			defaultConfigurationName = Release;
		};
		3AA3F9F7194D0ECB003EA3E2 /* Build configuration list for PBXNativeTarget "AttributedStrings" */ = {
			isa = XCConfigurationList;
			buildConfigurations = (
				3AA3F9F8194D0ECB003EA3E2 /* Debug */,
				3AA3F9F9194D0ECB003EA3E2 /* Release */,
			);
			defaultConfigurationIsVisible = 0;
		};
		3AA3F9FA194D0ECB003EA3E2 /* Build configuration list for PBXNativeTarget "AttributedStringsTests" */ = {
			isa = XCConfigurationList;
			buildConfigurations = (
				3AA3F9FB194D0ECB003EA3E2 /* Debug */,
				3AA3F9FC194D0ECB003EA3E2 /* Release */,
			);
			defaultConfigurationIsVisible = 0;
		};
/* End XCConfigurationList section */
	};
	rootObject = 3AA3F9CF194D0ECA003EA3E2 /* Project object */;
}
